// !$*UTF8*$!
{
	archiveVersion = 1;
	classes = {
	};
	objectVersion = 50;
	objects = {

/* Begin PBXBuildFile section */
		4940FA52254F0F7700589728 /* User.swift in Sources */ = {isa = PBXBuildFile; fileRef = 4940FA51254F0F7700589728 /* User.swift */; };
		4940FA56254F1A7F00589728 /* LoginViewController.swift in Sources */ = {isa = PBXBuildFile; fileRef = 4940FA55254F1A7F00589728 /* LoginViewController.swift */; };
		4940FA59254F1A9200589728 /* WelcomeViewController.swift in Sources */ = {isa = PBXBuildFile; fileRef = 4940FA58254F1A9200589728 /* WelcomeViewController.swift */; };
		4940FA5C254F1AA200589728 /* AboutMeViewController.swift in Sources */ = {isa = PBXBuildFile; fileRef = 4940FA5B254F1AA200589728 /* AboutMeViewController.swift */; };
		49E70E3F2542DF5E0074A363 /* AppDelegate.swift in Sources */ = {isa = PBXBuildFile; fileRef = 49E70E3E2542DF5E0074A363 /* AppDelegate.swift */; };
		49E70E412542DF5E0074A363 /* SceneDelegate.swift in Sources */ = {isa = PBXBuildFile; fileRef = 49E70E402542DF5E0074A363 /* SceneDelegate.swift */; };
		49E70E462542DF5E0074A363 /* Main.storyboard in Resources */ = {isa = PBXBuildFile; fileRef = 49E70E442542DF5E0074A363 /* Main.storyboard */; };
		49E70E482542DF600074A363 /* Assets.xcassets in Resources */ = {isa = PBXBuildFile; fileRef = 49E70E472542DF600074A363 /* Assets.xcassets */; };
		49E70E4B2542DF600074A363 /* LaunchScreen.storyboard in Resources */ = {isa = PBXBuildFile; fileRef = 49E70E492542DF600074A363 /* LaunchScreen.storyboard */; };
/* End PBXBuildFile section */

/* Begin PBXFileReference section */
		4940FA51254F0F7700589728 /* User.swift */ = {isa = PBXFileReference; lastKnownFileType = sourcecode.swift; path = User.swift; sourceTree = "<group>"; };
		4940FA55254F1A7F00589728 /* LoginViewController.swift */ = {isa = PBXFileReference; lastKnownFileType = sourcecode.swift; path = LoginViewController.swift; sourceTree = "<group>"; };
		4940FA58254F1A9200589728 /* WelcomeViewController.swift */ = {isa = PBXFileReference; lastKnownFileType = sourcecode.swift; path = WelcomeViewController.swift; sourceTree = "<group>"; };
		4940FA5B254F1AA200589728 /* AboutMeViewController.swift */ = {isa = PBXFileReference; lastKnownFileType = sourcecode.swift; path = AboutMeViewController.swift; sourceTree = "<group>"; };
		49E70E3B2542DF5E0074A363 /* Homework 2.4.app */ = {isa = PBXFileReference; explicitFileType = wrapper.application; includeInIndex = 0; path = "Homework 2.4.app"; sourceTree = BUILT_PRODUCTS_DIR; };
		49E70E3E2542DF5E0074A363 /* AppDelegate.swift */ = {isa = PBXFileReference; lastKnownFileType = sourcecode.swift; path = AppDelegate.swift; sourceTree = "<group>"; };
		49E70E402542DF5E0074A363 /* SceneDelegate.swift */ = {isa = PBXFileReference; lastKnownFileType = sourcecode.swift; path = SceneDelegate.swift; sourceTree = "<group>"; };
		49E70E452542DF5E0074A363 /* Base */ = {isa = PBXFileReference; lastKnownFileType = file.storyboard; name = Base; path = Base.lproj/Main.storyboard; sourceTree = "<group>"; };
		49E70E472542DF600074A363 /* Assets.xcassets */ = {isa = PBXFileReference; lastKnownFileType = folder.assetcatalog; path = Assets.xcassets; sourceTree = "<group>"; };
		49E70E4A2542DF600074A363 /* Base */ = {isa = PBXFileReference; lastKnownFileType = file.storyboard; name = Base; path = Base.lproj/LaunchScreen.storyboard; sourceTree = "<group>"; };
		49E70E4C2542DF600074A363 /* Info.plist */ = {isa = PBXFileReference; lastKnownFileType = text.plist.xml; path = Info.plist; sourceTree = "<group>"; };
/* End PBXFileReference section */

/* Begin PBXFrameworksBuildPhase section */
		49E70E382542DF5E0074A363 /* Frameworks */ = {
			isa = PBXFrameworksBuildPhase;
			buildActionMask = 2147483647;
			files = (
			);
			runOnlyForDeploymentPostprocessing = 0;
		};
/* End PBXFrameworksBuildPhase section */

/* Begin PBXGroup section */
		49E70E322542DF5E0074A363 = {
			isa = PBXGroup;
			children = (
				49E70E3D2542DF5E0074A363 /* Homework 2.4 */,
				49E70E3C2542DF5E0074A363 /* Products */,
			);
			sourceTree = "<group>";
		};
		49E70E3C2542DF5E0074A363 /* Products */ = {
			isa = PBXGroup;
			children = (
				49E70E3B2542DF5E0074A363 /* Homework 2.4.app */,
			);
			name = Products;
			sourceTree = "<group>";
		};
		49E70E3D2542DF5E0074A363 /* Homework 2.4 */ = {
			isa = PBXGroup;
			children = (
				49E70E532542DF710074A363 /* Storyboards */,
				49E70E592542DFBC0074A363 /* Models */,
				49E70E572542DFB10074A363 /* View Controllers */,
				49E70E562542DFA30074A363 /* Resourses */,
				49E70E542542DF8D0074A363 /* Supporting files */,
			);
			path = "Homework 2.4";
			sourceTree = "<group>";
		};
		49E70E532542DF710074A363 /* Storyboards */ = {
			isa = PBXGroup;
			children = (
				49E70E442542DF5E0074A363 /* Main.storyboard */,
				49E70E492542DF600074A363 /* LaunchScreen.storyboard */,
			);
			path = Storyboards;
			sourceTree = "<group>";
		};
		49E70E542542DF8D0074A363 /* Supporting files */ = {
			isa = PBXGroup;
			children = (
				49E70E3E2542DF5E0074A363 /* AppDelegate.swift */,
				49E70E402542DF5E0074A363 /* SceneDelegate.swift */,
				49E70E4C2542DF600074A363 /* Info.plist */,
			);
			path = "Supporting files";
			sourceTree = "<group>";
		};
		49E70E562542DFA30074A363 /* Resourses */ = {
			isa = PBXGroup;
			children = (
				49E70E472542DF600074A363 /* Assets.xcassets */,
			);
			path = Resourses;
			sourceTree = "<group>";
		};
		49E70E572542DFB10074A363 /* View Controllers */ = {
			isa = PBXGroup;
			children = (
				4940FA55254F1A7F00589728 /* LoginViewController.swift */,
				4940FA58254F1A9200589728 /* WelcomeViewController.swift */,
				4940FA5B254F1AA200589728 /* AboutMeViewController.swift */,
			);
			path = "View Controllers";
			sourceTree = "<group>";
		};
		49E70E592542DFBC0074A363 /* Models */ = {
			isa = PBXGroup;
			children = (
				4940FA51254F0F7700589728 /* User.swift */,
			);
			path = Models;
			sourceTree = "<group>";
		};
/* End PBXGroup section */

/* Begin PBXNativeTarget section */
		49E70E3A2542DF5E0074A363 /* Homework 2.4 */ = {
			isa = PBXNativeTarget;
			buildConfigurationList = 49E70E4F2542DF600074A363 /* Build configuration list for PBXNativeTarget "Homework 2.4" */;
			buildPhases = (
				49E70E372542DF5E0074A363 /* Sources */,
				49E70E382542DF5E0074A363 /* Frameworks */,
				49E70E392542DF5E0074A363 /* Resources */,
			);
			buildRules = (
			);
			dependencies = (
			);
			name = "Homework 2.4";
			productName = "Homework 2.4";
			productReference = 49E70E3B2542DF5E0074A363 /* Homework 2.4.app */;
			productType = "com.apple.product-type.application";
		};
/* End PBXNativeTarget section */

/* Begin PBXProject section */
		49E70E332542DF5E0074A363 /* Project object */ = {
			isa = PBXProject;
			attributes = {
				LastSwiftUpdateCheck = 1210;
				LastUpgradeCheck = 1210;
				TargetAttributes = {
					49E70E3A2542DF5E0074A363 = {
						CreatedOnToolsVersion = 12.1;
					};
				};
			};
			buildConfigurationList = 49E70E362542DF5E0074A363 /* Build configuration list for PBXProject "Homework 2.4" */;
			compatibilityVersion = "Xcode 9.3";
			developmentRegion = en;
			hasScannedForEncodings = 0;
			knownRegions = (
				en,
				Base,
			);
			mainGroup = 49E70E322542DF5E0074A363;
			productRefGroup = 49E70E3C2542DF5E0074A363 /* Products */;
			projectDirPath = "";
			projectRoot = "";
			targets = (
				49E70E3A2542DF5E0074A363 /* Homework 2.4 */,
			);
		};
/* End PBXProject section */

/* Begin PBXResourcesBuildPhase section */
		49E70E392542DF5E0074A363 /* Resources */ = {
			isa = PBXResourcesBuildPhase;
			buildActionMask = 2147483647;
			files = (
				49E70E4B2542DF600074A363 /* LaunchScreen.storyboard in Resources */,
				49E70E482542DF600074A363 /* Assets.xcassets in Resources */,
				49E70E462542DF5E0074A363 /* Main.storyboard in Resources */,
			);
			runOnlyForDeploymentPostprocessing = 0;
		};
/* End PBXResourcesBuildPhase section */

/* Begin PBXSourcesBuildPhase section */
		49E70E372542DF5E0074A363 /* Sources */ = {
			isa = PBXSourcesBuildPhase;
			buildActionMask = 2147483647;
			files = (
				4940FA56254F1A7F00589728 /* LoginViewController.swift in Sources */,
				4940FA59254F1A9200589728 /* WelcomeViewController.swift in Sources */,
				4940FA52254F0F7700589728 /* User.swift in Sources */,
				49E70E3F2542DF5E0074A363 /* AppDelegate.swift in Sources */,
				4940FA5C254F1AA200589728 /* AboutMeViewController.swift in Sources */,
				49E70E412542DF5E0074A363 /* SceneDelegate.swift in Sources */,
			);
			runOnlyForDeploymentPostprocessing = 0;
		};
/* End PBXSourcesBuildPhase section */

/* Begin PBXVariantGroup section */
		49E70E442542DF5E0074A363 /* Main.storyboard */ = {
			isa = PBXVariantGroup;
			children = (
				49E70E452542DF5E0074A363 /* Base */,
			);
			name = Main.storyboard;
			sourceTree = "<group>";
		};
		49E70E492542DF600074A363 /* LaunchScreen.storyboard */ = {
			isa = PBXVariantGroup;
			children = (
				49E70E4A2542DF600074A363 /* Base */,
			);
			name = LaunchScreen.storyboard;
			sourceTree = "<group>";
		};
/* End PBXVariantGroup section */

/* Begin XCBuildConfiguration section */
		49E70E4D2542DF600074A363 /* Debug */ = {
			isa = XCBuildConfiguration;
			buildSettings = {
				ALWAYS_SEARCH_USER_PATHS = NO;
				CLANG_ANALYZER_NONNULL = YES;
				CLANG_ANALYZER_NUMBER_OBJECT_CONVERSION = YES_AGGRESSIVE;
				CLANG_CXX_LANGUAGE_STANDARD = "gnu++14";
				CLANG_CXX_LIBRARY = "libc++";
				CLANG_ENABLE_MODULES = YES;
				CLANG_ENABLE_OBJC_ARC = YES;
				CLANG_ENABLE_OBJC_WEAK = YES;
				CLANG_WARN_BLOCK_CAPTURE_AUTORELEASING = YES;
				CLANG_WARN_BOOL_CONVERSION = YES;
				CLANG_WARN_COMMA = YES;
				CLANG_WARN_CONSTANT_CONVERSION = YES;
				CLANG_WARN_DEPRECATED_OBJC_IMPLEMENTATIONS = YES;
				CLANG_WARN_DIRECT_OBJC_ISA_USAGE = YES_ERROR;
				CLANG_WARN_DOCUMENTATION_COMMENTS = YES;
				CLANG_WARN_EMPTY_BODY = YES;
				CLANG_WARN_ENUM_CONVERSION = YES;
				CLANG_WARN_INFINITE_RECURSION = YES;
				CLANG_WARN_INT_CONVERSION = YES;
				CLANG_WARN_NON_LITERAL_NULL_CONVERSION = YES;
				CLANG_WARN_OBJC_IMPLICIT_RETAIN_SELF = YES;
				CLANG_WARN_OBJC_LITERAL_CONVERSION = YES;
				CLANG_WARN_OBJC_ROOT_CLASS = YES_ERROR;
				CLANG_WARN_QUOTED_INCLUDE_IN_FRAMEWORK_HEADER = YES;
				CLANG_WARN_RANGE_LOOP_ANALYSIS = YES;
				CLANG_WARN_STRICT_PROTOTYPES = YES;
				CLANG_WARN_SUSPICIOUS_MOVE = YES;
				CLANG_WARN_UNGUARDED_AVAILABILITY = YES_AGGRESSIVE;
				CLANG_WARN_UNREACHABLE_CODE = YES;
				CLANG_WARN__DUPLICATE_METHOD_MATCH = YES;
				COPY_PHASE_STRIP = NO;
				DEBUG_INFORMATION_FORMAT = dwarf;
				ENABLE_STRICT_OBJC_MSGSEND = YES;
				ENABLE_TESTABILITY = YES;
				GCC_C_LANGUAGE_STANDARD = gnu11;
				GCC_DYNAMIC_NO_PIC = NO;
				GCC_NO_COMMON_BLOCKS = YES;
				GCC_OPTIMIZATION_LEVEL = 0;
				GCC_PREPROCESSOR_DEFINITIONS = (
					"DEBUG=1",
					"$(inherited)",
				);
				GCC_WARN_64_TO_32_BIT_CONVERSION = YES;
				GCC_WARN_ABOUT_RETURN_TYPE = YES_ERROR;
				GCC_WARN_UNDECLARED_SELECTOR = YES;
				GCC_WARN_UNINITIALIZED_AUTOS = YES_AGGRESSIVE;
				GCC_WARN_UNUSED_FUNCTION = YES;
				GCC_WARN_UNUSED_VARIABLE = YES;
				IPHONEOS_DEPLOYMENT_TARGET = 14.1;
				MTL_ENABLE_DEBUG_INFO = INCLUDE_SOURCE;
				MTL_FAST_MATH = YES;
				ONLY_ACTIVE_ARCH = YES;
				SDKROOT = iphoneos;
				SWIFT_ACTIVE_COMPILATION_CONDITIONS = DEBUG;
				SWIFT_OPTIMIZATION_LEVEL = "-Onone";
			};
			name = Debug;
		};
		49E70E4E2542DF600074A363 /* Release */ = {
			isa = XCBuildConfiguration;
			buildSettings = {
				ALWAYS_SEARCH_USER_PATHS = NO;
				CLANG_ANALYZER_NONNULL = YES;
				CLANG_ANALYZER_NUMBER_OBJECT_CONVERSION = YES_AGGRESSIVE;
				CLANG_CXX_LANGUAGE_STANDARD = "gnu++14";
				CLANG_CXX_LIBRARY = "libc++";
				CLANG_ENABLE_MODULES = YES;
				CLANG_ENABLE_OBJC_ARC = YES;
				CLANG_ENABLE_OBJC_WEAK = YES;
				CLANG_WARN_BLOCK_CAPTURE_AUTORELEASING = YES;
				CLANG_WARN_BOOL_CONVERSION = YES;
				CLANG_WARN_COMMA = YES;
				CLANG_WARN_CONSTANT_CONVERSION = YES;
				CLANG_WARN_DEPRECATED_OBJC_IMPLEMENTATIONS = YES;
				CLANG_WARN_DIRECT_OBJC_ISA_USAGE = YES_ERROR;
				CLANG_WARN_DOCUMENTATION_COMMENTS = YES;
				CLANG_WARN_EMPTY_BODY = YES;
				CLANG_WARN_ENUM_CONVERSION = YES;
				CLANG_WARN_INFINITE_RECURSION = YES;
				CLANG_WARN_INT_CONVERSION = YES;
				CLANG_WARN_NON_LITERAL_NULL_CONVERSION = YES;
				CLANG_WARN_OBJC_IMPLICIT_RETAIN_SELF = YES;
				CLANG_WARN_OBJC_LITERAL_CONVERSION = YES;
				CLANG_WARN_OBJC_ROOT_CLASS = YES_ERROR;
				CLANG_WARN_QUOTED_INCLUDE_IN_FRAMEWORK_HEADER = YES;
				CLANG_WARN_RANGE_LOOP_ANALYSIS = YES;
				CLANG_WARN_STRICT_PROTOTYPES = YES;
				CLANG_WARN_SUSPICIOUS_MOVE = YES;
				CLANG_WARN_UNGUARDED_AVAILABILITY = YES_AGGRESSIVE;
				CLANG_WARN_UNREACHABLE_CODE = YES;
				CLANG_WARN__DUPLICATE_METHOD_MATCH = YES;
				COPY_PHASE_STRIP = NO;
				DEBUG_INFORMATION_FORMAT = "dwarf-with-dsym";
				ENABLE_NS_ASSERTIONS = NO;
				ENABLE_STRICT_OBJC_MSGSEND = YES;
				GCC_C_LANGUAGE_STANDARD = gnu11;
				GCC_NO_COMMON_BLOCKS = YES;
				GCC_WARN_64_TO_32_BIT_CONVERSION = YES;
				GCC_WARN_ABOUT_RETURN_TYPE = YES_ERROR;
				GCC_WARN_UNDECLARED_SELECTOR = YES;
				GCC_WARN_UNINITIALIZED_AUTOS = YES_AGGRESSIVE;
				GCC_WARN_UNUSED_FUNCTION = YES;
				GCC_WARN_UNUSED_VARIABLE = YES;
				IPHONEOS_DEPLOYMENT_TARGET = 14.1;
				MTL_ENABLE_DEBUG_INFO = NO;
				MTL_FAST_MATH = YES;
				SDKROOT = iphoneos;
				SWIFT_COMPILATION_MODE = wholemodule;
				SWIFT_OPTIMIZATION_LEVEL = "-O";
				VALIDATE_PRODUCT = YES;
			};
			name = Release;
		};
		49E70E502542DF600074A363 /* Debug */ = {
			isa = XCBuildConfiguration;
			buildSettings = {
				ASSETCATALOG_COMPILER_APPICON_NAME = AppIcon;
				ASSETCATALOG_COMPILER_GLOBAL_ACCENT_COLOR_NAME = AccentColor;
				CODE_SIGN_STYLE = Automatic;
				DEVELOPMENT_TEAM = NA6C9Y7864;
				INFOPLIST_FILE = "Homework 2.4/Supporting files/Info.plist";
				LD_RUNPATH_SEARCH_PATHS = (
					"$(inherited)",
					"@executable_path/Frameworks",
				);
				PRODUCT_BUNDLE_IDENTIFIER = "ru.egor.skrutelev.Homework-2-4";
				PRODUCT_NAME = "$(TARGET_NAME)";
				SWIFT_VERSION = 5.0;
				TARGETED_DEVICE_FAMILY = "1,2";
			};
			name = Debug;
		};
		49E70E512542DF600074A363 /* Release */ = {
			isa = XCBuildConfiguration;
			buildSettings = {
				ASSETCATALOG_COMPILER_APPICON_NAME = AppIcon;
				ASSETCATALOG_COMPILER_GLOBAL_ACCENT_COLOR_NAME = AccentColor;
				CODE_SIGN_STYLE = Automatic;
				DEVELOPMENT_TEAM = NA6C9Y7864;
				INFOPLIST_FILE = "Homework 2.4/Supporting files/Info.plist";
				LD_RUNPATH_SEARCH_PATHS = (
					"$(inherited)",
					"@executable_path/Frameworks",
				);
				PRODUCT_BUNDLE_IDENTIFIER = "ru.egor.skrutelev.Homework-2-4";
				PRODUCT_NAME = "$(TARGET_NAME)";
				SWIFT_VERSION = 5.0;
				TARGETED_DEVICE_FAMILY = "1,2";
			};
			name = Release;
		};
/* End XCBuildConfiguration section */

/* Begin XCConfigurationList section */
		49E70E362542DF5E0074A363 /* Build configuration list for PBXProject "Homework 2.4" */ = {
			isa = XCConfigurationList;
			buildConfigurations = (
				49E70E4D2542DF600074A363 /* Debug */,
				49E70E4E2542DF600074A363 /* Release */,
			);
			defaultConfigurationIsVisible = 0;
			defaultConfigurationName = Release;
		};
		49E70E4F2542DF600074A363 /* Build configuration list for PBXNativeTarget "Homework 2.4" */ = {
			isa = XCConfigurationList;
			buildConfigurations = (
				49E70E502542DF600074A363 /* Debug */,
				49E70E512542DF600074A363 /* Release */,
			);
			defaultConfigurationIsVisible = 0;
			defaultConfigurationName = Release;
		};
/* End XCConfigurationList section */
	};
	rootObject = 49E70E332542DF5E0074A363 /* Project object */;
}
